{
  "name": "kiss-google-cloud-client",
  "version": "0.9.0",
  "lockfileVersion": 1,
  "requires": true,
  "dependencies": {
    "kiss-auth-fetch": {
      "version": "0.9.0",
      "resolved": "https://registry.npmjs.org/kiss-auth-fetch/-/kiss-auth-fetch-0.9.0.tgz",
      "integrity": "sha512-ZBk+ItGdI0Rxx0oqbTnT4G+R4m78nuKGsefLs4Kh7yMQ7gI6GQyjA6TTexE0qJyi7B7Sq2DYOgXCGpd6SAm5vw=="
    },
    "kiss-jwt": {
      "version": "0.9.0",
      "resolved": "https://registry.npmjs.org/kiss-jwt/-/kiss-jwt-0.9.0.tgz",
      "integrity": "sha512-hIF458HnSTn4PtjBksMkyvP3/fQJR+js4/KAtjTMhD1I7G5U0jCy6yUNrDm2kgBm/qUlzoVxnPq4aSiRYPFFsg=="
    },
    "kiss-retry-fetch": {
      "version": "0.9.0",
      "resolved": "https://registry.npmjs.org/kiss-retry-fetch/-/kiss-retry-fetch-0.9.0.tgz",
      "integrity": "sha512-JuvqnsCOHcs4l9m0BSuvsQqeJQJrRhy8Bk1n9RVbOoJfgdpUE5uNZVFV+dH2J+9d381SYV0qtUaTJQHBmhgZsA=="
    }
  }
}
